
Microsoft Visual Studio Solution File, Format Version 12.00
# Visual Studio Version 16
VisualStudioVersion = 16.0.33927.289
MinimumVisualStudioVersion = 10.0.40219.1
Project("{D2ABAB84-BF74-430A-B69E-9DC6D40DDA17}") = "MultidimensionalProject2", "MultidimensionalProject2\MultidimensionalProject2.dwproj", "{BBFDE8B2-E22C-4B4D-A1E0-475D5E2F3494}"
EndProject
Global
	GlobalSection(SolutionConfigurationPlatforms) = preSolution
		Development|Default = Development|Default
	EndGlobalSection
	GlobalSection(ProjectConfigurationPlatforms) = postSolution
		{BBFDE8B2-E22C-4B4D-A1E0-475D5E2F3494}.Development|Default.ActiveCfg = Development
		{BBFDE8B2-E22C-4B4D-A1E0-475D5E2F3494}.Development|Default.Build.0 = Development
		{BBFDE8B2-E22C-4B4D-A1E0-475D5E2F3494}.Development|Default.Deploy.0 = Development
	EndGlobalSection
	GlobalSection(SolutionProperties) = preSolution
		HideSolutionNode = FALSE
	EndGlobalSection
	GlobalSection(ExtensibilityGlobals) = postSolution
		SolutionGuid = {1075187A-DBA8-49EE-AE87-B0FC4237EDE0}
	EndGlobalSection
EndGlobal
